
Microsoft Visual Studio Solution File, Format Version 12.00
# Visual Studio 15
VisualStudioVersion = 15.0.28307.168
MinimumVisualStudioVersion = 10.0.40219.1
Project("{FAE04EC0-301F-11D3-BF4B-00C04F79EFBC}") = "MMudTerm_Protocols", "..\MMudTerm_Protocols\MMudTerm_Protocols.csproj", "{D921993F-B878-4A6F-9A82-771620B41CCB}"
EndProject
Project("{FAE04EC0-301F-11D3-BF4B-00C04F79EFBC}") = "MMudTerm", "MMudTerm.csproj", "{78D853FC-6A8F-4A06-831B-B39206E6502E}"
EndProject
Project("{FAE04EC0-301F-11D3-BF4B-00C04F79EFBC}") = "MummyStreamProcessor", "..\MummyStreamProcessor\MummyStreamProcessor.csproj", "{30BADB61-60CA-4169-B3DC-155CB882614E}"
EndProject
Global
	GlobalSection(SolutionConfigurationPlatforms) = preSolution
		Debug|Any CPU = Debug|Any CPU
		Release|Any CPU = Release|Any CPU
	EndGlobalSection
	GlobalSection(ProjectConfigurationPlatforms) = postSolution
		{D921993F-B878-4A6F-9A82-771620B41CCB}.Debug|Any CPU.ActiveCfg = Debug|Any CPU
		{D921993F-B878-4A6F-9A82-771620B41CCB}.Debug|Any CPU.Build.0 = Debug|Any CPU
		{D921993F-B878-4A6F-9A82-771620B41CCB}.Release|Any CPU.ActiveCfg = Release|Any CPU
		{D921993F-B878-4A6F-9A82-771620B41CCB}.Release|Any CPU.Build.0 = Release|Any CPU
		{78D853FC-6A8F-4A06-831B-B39206E6502E}.Debug|Any CPU.ActiveCfg = Debug|Any CPU
		{78D853FC-6A8F-4A06-831B-B39206E6502E}.Debug|Any CPU.Build.0 = Debug|Any CPU
		{78D853FC-6A8F-4A06-831B-B39206E6502E}.Release|Any CPU.ActiveCfg = Release|Any CPU
		{78D853FC-6A8F-4A06-831B-B39206E6502E}.Release|Any CPU.Build.0 = Release|Any CPU
		{30BADB61-60CA-4169-B3DC-155CB882614E}.Debug|Any CPU.ActiveCfg = Debug|Any CPU
		{30BADB61-60CA-4169-B3DC-155CB882614E}.Debug|Any CPU.Build.0 = Debug|Any CPU
		{30BADB61-60CA-4169-B3DC-155CB882614E}.Release|Any CPU.ActiveCfg = Release|Any CPU
		{30BADB61-60CA-4169-B3DC-155CB882614E}.Release|Any CPU.Build.0 = Release|Any CPU
	EndGlobalSection
	GlobalSection(SolutionProperties) = preSolution
		HideSolutionNode = FALSE
	EndGlobalSection
	GlobalSection(ExtensibilityGlobals) = postSolution
		SolutionGuid = {22D055D4-51BD-42FC-B0DB-4DF3A0A97F46}
	EndGlobalSection
EndGlobal
